
Microsoft Visual Studio Solution File, Format Version 12.00
# Visual Studio 2013
VisualStudioVersion = 12.0.31101.0
MinimumVisualStudioVersion = 10.0.40219.1
Project("{F2A71F9B-5D33-465A-A702-920D77279786}") = "FSharp", "FSharp\FSharp.fsproj", "{1EC7D87C-8CF0-45D0-AAFA-B152FA6A7D80}"
EndProject
Project("{FAE04EC0-301F-11D3-BF4B-00C04F79EFBC}") = "CSharp", "CSharp\CSharp.csproj", "{BB9EDD25-7BD5-4A19-9161-6174EA98BE7B}"
EndProject
Global
	GlobalSection(SolutionConfigurationPlatforms) = preSolution
		Debug|Any CPU = Debug|Any CPU
		Release|Any CPU = Release|Any CPU
	EndGlobalSection
	GlobalSection(ProjectConfigurationPlatforms) = postSolution
		{1EC7D87C-8CF0-45D0-AAFA-B152FA6A7D80}.Debug|Any CPU.ActiveCfg = Debug|Any CPU
		{1EC7D87C-8CF0-45D0-AAFA-B152FA6A7D80}.Debug|Any CPU.Build.0 = Debug|Any CPU
		{1EC7D87C-8CF0-45D0-AAFA-B152FA6A7D80}.Release|Any CPU.ActiveCfg = Release|Any CPU
		{1EC7D87C-8CF0-45D0-AAFA-B152FA6A7D80}.Release|Any CPU.Build.0 = Release|Any CPU
		{BB9EDD25-7BD5-4A19-9161-6174EA98BE7B}.Debug|Any CPU.ActiveCfg = Debug|Any CPU
		{BB9EDD25-7BD5-4A19-9161-6174EA98BE7B}.Debug|Any CPU.Build.0 = Debug|Any CPU
		{BB9EDD25-7BD5-4A19-9161-6174EA98BE7B}.Release|Any CPU.ActiveCfg = Release|Any CPU
		{BB9EDD25-7BD5-4A19-9161-6174EA98BE7B}.Release|Any CPU.Build.0 = Release|Any CPU
	EndGlobalSection
	GlobalSection(SolutionProperties) = preSolution
		HideSolutionNode = FALSE
	EndGlobalSection
EndGlobal
